{
  "name": "mona-expert",
  "version": "2.4.0",
  "lockfileVersion": 3,
  "requires": true,
  "packages": {
    "": {
      "name": "mona-expert",
      "version": "2.4.0",
      "license": "MIT",
      "workspaces": [
        "packages/engine",
        "packages/protocol",
        "apps/desktop"
      ],
      "dependencies": {
        "ws": "^8.18.0"
      },
      "bin": {
        "mona-agent": "apps/desktop/bin/mona-agent.js"
      },
      "engines": {
        "node": ">=20"
      }
    },
    "apps/desktop": {
      "name": "mona-agent",
      "version": "1.6.0",
      "license": "MIT",
      "dependencies": {
        "ws": "^8.18.0"
      },
      "bin": {
        "mona-agent": "bin/mona-agent.js"
      },
      "engines": {
        "node": ">=20"
      }
    },
    "node_modules/@mona/engine": {
      "resolved": "packages/engine",
      "link": true
    },
    "node_modules/@mona/protocol": {
      "resolved": "packages/protocol",
      "link": true
    },
    "node_modules/mona-agent": {
      "resolved": "apps/desktop",
      "link": true
    },
    "node_modules/ws": {
      "version": "8.21.3",
      "resolved": "https://registry.npmjs.org/ws/-/ws-8.21.3.tgz",
      "integrity": "sha512-201TZ/kPWxoPr/OKWjquZR1SWKXcvxdH+e1xrx89b3YbmzLMFCLfnaG1HFIgWzJOEWZ7MvpK++odZufgYR50Rw==",
      "license": "MIT",
      "engines": {
        "node": ">=10.0.0"
      },
      "peerDependencies": {
        "bufferutil": "^4.0.1",
        "utf-8-validate": ">=5.0.2"
      },
      "peerDependenciesMeta": {
        "bufferutil": {
          "optional": true
        },
        "utf-8-validate": {
          "optional": true
        }
      }
    },
    "packages/engine": {
      "name": "@mona/engine",
      "version": "1.0.0"
    },
    "packages/protocol": {
      "name": "@mona/protocol",
      "version": "1.0.0"
    }
  }
}
